
Microsoft Visual Studio Solution File, Format Version 12.00
# Visual Studio 14
VisualStudioVersion = 14.0.25123.0
MinimumVisualStudioVersion = 10.0.40219.1
Project("{FAE04EC0-301F-11D3-BF4B-00C04F79EFBC}") = "NFS Underground Race Trainer", "NFS Underground Race Trainer\NFS Underground Race Trainer.csproj", "{CE5F8195-4F82-46BF-BCCC-DBE035030083}"
EndProject
Global
	GlobalSection(SolutionConfigurationPlatforms) = preSolution
		Debug|Any CPU = Debug|Any CPU
		Release|Any CPU = Release|Any CPU
	EndGlobalSection
	GlobalSection(ProjectConfigurationPlatforms) = postSolution
		{CE5F8195-4F82-46BF-BCCC-DBE035030083}.Debug|Any CPU.ActiveCfg = Debug|Any CPU
		{CE5F8195-4F82-46BF-BCCC-DBE035030083}.Debug|Any CPU.Build.0 = Debug|Any CPU
		{CE5F8195-4F82-46BF-BCCC-DBE035030083}.Release|Any CPU.ActiveCfg = Release|Any CPU
		{CE5F8195-4F82-46BF-BCCC-DBE035030083}.Release|Any CPU.Build.0 = Release|Any CPU
	EndGlobalSection
	GlobalSection(SolutionProperties) = preSolution
		HideSolutionNode = FALSE
	EndGlobalSection
EndGlobal
